// !$*UTF8*$!
{
	archiveVersion = 1;
	classes = {
	};
	objectVersion = 48;
	objects = {

/* Begin PBXBuildFile section */
		AE58F3E42051332F00AA0EDA /* AppDelegate.swift in Sources */ = {isa = PBXBuildFile; fileRef = AE58F3E32051332F00AA0EDA /* AppDelegate.swift */; };
		AE58F3E92051332F00AA0EDA /* Main.storyboard in Resources */ = {isa = PBXBuildFile; fileRef = AE58F3E72051332F00AA0EDA /* Main.storyboard */; };
		AE58F3EB2051332F00AA0EDA /* Assets.xcassets in Resources */ = {isa = PBXBuildFile; fileRef = AE58F3EA2051332F00AA0EDA /* Assets.xcassets */; };
		AE58F3EE2051332F00AA0EDA /* LaunchScreen.storyboard in Resources */ = {isa = PBXBuildFile; fileRef = AE58F3EC2051332F00AA0EDA /* LaunchScreen.storyboard */; };
		AE58F3F62051366600AA0EDA /* AreaTableViewController.swift in Sources */ = {isa = PBXBuildFile; fileRef = AE58F3F52051366600AA0EDA /* AreaTableViewController.swift */; };
		AE58F3F820516F8600AA0EDA /* CustomTableViewCell.swift in Sources */ = {isa = PBXBuildFile; fileRef = AE58F3F720516F8600AA0EDA /* CustomTableViewCell.swift */; };
		AE58F3FE20525CEC00AA0EDA /* Area.swift in Sources */ = {isa = PBXBuildFile; fileRef = AE58F3FD20525CEC00AA0EDA /* Area.swift */; };
		AE58F4002052660500AA0EDA /* DetailTableViewController.swift in Sources */ = {isa = PBXBuildFile; fileRef = AE58F3FF2052660500AA0EDA /* DetailTableViewController.swift */; };
		AE58F402205269DB00AA0EDA /* DetailTableViewCell.swift in Sources */ = {isa = PBXBuildFile; fileRef = AE58F401205269DB00AA0EDA /* DetailTableViewCell.swift */; };
		AE73EDF62054E4B200E11B82 /* MapKit.framework in Frameworks */ = {isa = PBXBuildFile; fileRef = AE73EDF52054E4B200E11B82 /* MapKit.framework */; };
		AE73EDF82055702200E11B82 /* MapViewController.swift in Sources */ = {isa = PBXBuildFile; fileRef = AE73EDF72055702200E11B82 /* MapViewController.swift */; };
		AEABF179205677E500497A2A /* FansArea.xcdatamodeld in Sources */ = {isa = PBXBuildFile; fileRef = AEABF17620563E7A00497A2A /* FansArea.xcdatamodeld */; };
		AEBA47DB2054459D00E28BD8 /* ReviewViewController.swift in Sources */ = {isa = PBXBuildFile; fileRef = AEBA47DA2054459D00E28BD8 /* ReviewViewController.swift */; };
		AEF98E6C2056161F004B40F9 /* AddAreaController.swift in Sources */ = {isa = PBXBuildFile; fileRef = AEF98E6B2056161F004B40F9 /* AddAreaController.swift */; };
/* End PBXBuildFile section */

/* Begin PBXFileReference section */
		AE58F3E02051332E00AA0EDA /* FansArea.app */ = {isa = PBXFileReference; explicitFileType = wrapper.application; includeInIndex = 0; path = FansArea.app; sourceTree = BUILT_PRODUCTS_DIR; };
		AE58F3E32051332F00AA0EDA /* AppDelegate.swift */ = {isa = PBXFileReference; lastKnownFileType = sourcecode.swift; path = AppDelegate.swift; sourceTree = "<group>"; };
		AE58F3E82051332F00AA0EDA /* Base */ = {isa = PBXFileReference; lastKnownFileType = file.storyboard; name = Base; path = Base.lproj/Main.storyboard; sourceTree = "<group>"; };
		AE58F3EA2051332F00AA0EDA /* Assets.xcassets */ = {isa = PBXFileReference; lastKnownFileType = folder.assetcatalog; path = Assets.xcassets; sourceTree = "<group>"; };
		AE58F3ED2051332F00AA0EDA /* Base */ = {isa = PBXFileReference; lastKnownFileType = file.storyboard; name = Base; path = Base.lproj/LaunchScreen.storyboard; sourceTree = "<group>"; };
		AE58F3EF2051332F00AA0EDA /* Info.plist */ = {isa = PBXFileReference; lastKnownFileType = text.plist.xml; path = Info.plist; sourceTree = "<group>"; };
		AE58F3F52051366600AA0EDA /* AreaTableViewController.swift */ = {isa = PBXFileReference; lastKnownFileType = sourcecode.swift; path = AreaTableViewController.swift; sourceTree = "<group>"; };
		AE58F3F720516F8600AA0EDA /* CustomTableViewCell.swift */ = {isa = PBXFileReference; lastKnownFileType = sourcecode.swift; path = CustomTableViewCell.swift; sourceTree = "<group>"; };
		AE58F3FD20525CEC00AA0EDA /* Area.swift */ = {isa = PBXFileReference; lastKnownFileType = sourcecode.swift; path = Area.swift; sourceTree = "<group>"; };
		AE58F3FF2052660500AA0EDA /* DetailTableViewController.swift */ = {isa = PBXFileReference; lastKnownFileType = sourcecode.swift; path = DetailTableViewController.swift; sourceTree = "<group>"; };
		AE58F401205269DB00AA0EDA /* DetailTableViewCell.swift */ = {isa = PBXFileReference; lastKnownFileType = sourcecode.swift; path = DetailTableViewCell.swift; sourceTree = "<group>"; };
		AE73EDF52054E4B200E11B82 /* MapKit.framework */ = {isa = PBXFileReference; lastKnownFileType = wrapper.framework; name = MapKit.framework; path = System/Library/Frameworks/MapKit.framework; sourceTree = SDKROOT; };
		AE73EDF72055702200E11B82 /* MapViewController.swift */ = {isa = PBXFileReference; lastKnownFileType = sourcecode.swift; path = MapViewController.swift; sourceTree = "<group>"; };
		AE73EDF92055849700E11B82 /* MyPlayground.playground */ = {isa = PBXFileReference; lastKnownFileType = file.playground; path = MyPlayground.playground; sourceTree = "<group>"; xcLanguageSpecificationIdentifier = xcode.lang.swift; };
		AEABF17720563E7A00497A2A /* FansArea.xcdatamodel */ = {isa = PBXFileReference; lastKnownFileType = wrapper.xcdatamodel; path = FansArea.xcdatamodel; sourceTree = "<group>"; };
		AEBA47DA2054459D00E28BD8 /* ReviewViewController.swift */ = {isa = PBXFileReference; lastKnownFileType = sourcecode.swift; path = ReviewViewController.swift; sourceTree = "<group>"; };
		AEF98E6B2056161F004B40F9 /* AddAreaController.swift */ = {isa = PBXFileReference; lastKnownFileType = sourcecode.swift; path = AddAreaController.swift; sourceTree = "<group>"; };
/* End PBXFileReference section */

/* Begin PBXFrameworksBuildPhase section */
		AE58F3DD2051332E00AA0EDA /* Frameworks */ = {
			isa = PBXFrameworksBuildPhase;
			buildActionMask = 2147483647;
			files = (
				AE73EDF62054E4B200E11B82 /* MapKit.framework in Frameworks */,
			);
			runOnlyForDeploymentPostprocessing = 0;
		};
/* End PBXFrameworksBuildPhase section */

/* Begin PBXGroup section */
		AE58F3D72051332E00AA0EDA = {
			isa = PBXGroup;
			children = (
				AE58F3E22051332E00AA0EDA /* FansArea */,
				AE58F3E12051332E00AA0EDA /* Products */,
				AE73EDF42054E4B200E11B82 /* Frameworks */,
			);
			sourceTree = "<group>";
		};
		AE58F3E12051332E00AA0EDA /* Products */ = {
			isa = PBXGroup;
			children = (
				AE58F3E02051332E00AA0EDA /* FansArea.app */,
			);
			name = Products;
			sourceTree = "<group>";
		};
		AE58F3E22051332E00AA0EDA /* FansArea */ = {
			isa = PBXGroup;
			children = (
				AE58F3E32051332F00AA0EDA /* AppDelegate.swift */,
				AE58F3F52051366600AA0EDA /* AreaTableViewController.swift */,
				AE58F3F720516F8600AA0EDA /* CustomTableViewCell.swift */,
				AEBA47DA2054459D00E28BD8 /* ReviewViewController.swift */,
				AE73EDF72055702200E11B82 /* MapViewController.swift */,
				AE73EDF92055849700E11B82 /* MyPlayground.playground */,
				AE58F3FD20525CEC00AA0EDA /* Area.swift */,
				AE58F3FF2052660500AA0EDA /* DetailTableViewController.swift */,
				AE58F401205269DB00AA0EDA /* DetailTableViewCell.swift */,
				AEF98E6B2056161F004B40F9 /* AddAreaController.swift */,
				AEABF17620563E7A00497A2A /* FansArea.xcdatamodeld */,
				AE58F3E72051332F00AA0EDA /* Main.storyboard */,
				AE58F3EA2051332F00AA0EDA /* Assets.xcassets */,
				AE58F3EC2051332F00AA0EDA /* LaunchScreen.storyboard */,
				AE58F3EF2051332F00AA0EDA /* Info.plist */,
			);
			path = FansArea;
			sourceTree = "<group>";
		};
		AE73EDF42054E4B200E11B82 /* Frameworks */ = {
			isa = PBXGroup;
			children = (
				AE73EDF52054E4B200E11B82 /* MapKit.framework */,
			);
			name = Frameworks;
			sourceTree = "<group>";
		};
/* End PBXGroup section */

/* Begin PBXNativeTarget section */
		AE58F3DF2051332E00AA0EDA /* FansArea */ = {
			isa = PBXNativeTarget;
			buildConfigurationList = AE58F3F22051332F00AA0EDA /* Build configuration list for PBXNativeTarget "FansArea" */;
			buildPhases = (
				AE58F3DC2051332E00AA0EDA /* Sources */,
				AE58F3DD2051332E00AA0EDA /* Frameworks */,
				AE58F3DE2051332E00AA0EDA /* Resources */,
			);
			buildRules = (
			);
			dependencies = (
			);
			name = FansArea;
			productName = FansArea;
			productReference = AE58F3E02051332E00AA0EDA /* FansArea.app */;
			productType = "com.apple.product-type.application";
		};
/* End PBXNativeTarget section */

/* Begin PBXProject section */
		AE58F3D82051332E00AA0EDA /* Project object */ = {
			isa = PBXProject;
			attributes = {
				LastSwiftUpdateCheck = 0920;
				LastUpgradeCheck = 0920;
				ORGANIZATIONNAME = "瞿炬星";
				TargetAttributes = {
					AE58F3DF2051332E00AA0EDA = {
						CreatedOnToolsVersion = 9.2;
						ProvisioningStyle = Automatic;
						SystemCapabilities = {
							com.apple.Maps.iOS = {
								enabled = 1;
							};
						};
					};
				};
			};
			buildConfigurationList = AE58F3DB2051332E00AA0EDA /* Build configuration list for PBXProject "FansArea" */;
			compatibilityVersion = "Xcode 8.0";
			developmentRegion = en;
			hasScannedForEncodings = 0;
			knownRegions = (
				en,
				Base,
			);
			mainGroup = AE58F3D72051332E00AA0EDA;
			productRefGroup = AE58F3E12051332E00AA0EDA /* Products */;
			projectDirPath = "";
			projectRoot = "";
			targets = (
				AE58F3DF2051332E00AA0EDA /* FansArea */,
			);
		};
/* End PBXProject section */

/* Begin PBXResourcesBuildPhase section */
		AE58F3DE2051332E00AA0EDA /* Resources */ = {
			isa = PBXResourcesBuildPhase;
			buildActionMask = 2147483647;
			files = (
				AE58F3EE2051332F00AA0EDA /* LaunchScreen.storyboard in Resources */,
				AE58F3EB2051332F00AA0EDA /* Assets.xcassets in Resources */,
				AE58F3E92051332F00AA0EDA /* Main.storyboard in Resources */,
			);
			runOnlyForDeploymentPostprocessing = 0;
		};
/* End PBXResourcesBuildPhase section */

/* Begin PBXSourcesBuildPhase section */
		AE58F3DC2051332E00AA0EDA /* Sources */ = {
			isa = PBXSourcesBuildPhase;
			buildActionMask = 2147483647;
			files = (
				AE58F402205269DB00AA0EDA /* DetailTableViewCell.swift in Sources */,
				AE58F3FE20525CEC00AA0EDA /* Area.swift in Sources */,
				AEF98E6C2056161F004B40F9 /* AddAreaController.swift in Sources */,
				AEBA47DB2054459D00E28BD8 /* ReviewViewController.swift in Sources */,
				AE58F4002052660500AA0EDA /* DetailTableViewController.swift in Sources */,
				AE58F3F820516F8600AA0EDA /* CustomTableViewCell.swift in Sources */,
				AEABF179205677E500497A2A /* FansArea.xcdatamodeld in Sources */,
				AE58F3F62051366600AA0EDA /* AreaTableViewController.swift in Sources */,
				AE58F3E42051332F00AA0EDA /* AppDelegate.swift in Sources */,
				AE73EDF82055702200E11B82 /* MapViewController.swift in Sources */,
			);
			runOnlyForDeploymentPostprocessing = 0;
		};
/* End PBXSourcesBuildPhase section */

/* Begin PBXVariantGroup section */
		AE58F3E72051332F00AA0EDA /* Main.storyboard */ = {
			isa = PBXVariantGroup;
			children = (
				AE58F3E82051332F00AA0EDA /* Base */,
			);
			name = Main.storyboard;
			sourceTree = "<group>";
		};
		AE58F3EC2051332F00AA0EDA /* LaunchScreen.storyboard */ = {
			isa = PBXVariantGroup;
			children = (
				AE58F3ED2051332F00AA0EDA /* Base */,
			);
			name = LaunchScreen.storyboard;
			sourceTree = "<group>";
		};
/* End PBXVariantGroup section */

/* Begin XCBuildConfiguration section */
		AE58F3F02051332F00AA0EDA /* Debug */ = {
			isa = XCBuildConfiguration;
			buildSettings = {
				ALWAYS_SEARCH_USER_PATHS = NO;
				CLANG_ANALYZER_NONNULL = YES;
				CLANG_ANALYZER_NUMBER_OBJECT_CONVERSION = YES_AGGRESSIVE;
				CLANG_CXX_LANGUAGE_STANDARD = "gnu++14";
				CLANG_CXX_LIBRARY = "libc++";
				CLANG_ENABLE_MODULES = YES;
				CLANG_ENABLE_OBJC_ARC = YES;
				CLANG_WARN_BLOCK_CAPTURE_AUTORELEASING = YES;
				CLANG_WARN_BOOL_CONVERSION = YES;
				CLANG_WARN_COMMA = YES;
				CLANG_WARN_CONSTANT_CONVERSION = YES;
				CLANG_WARN_DIRECT_OBJC_ISA_USAGE = YES_ERROR;
				CLANG_WARN_DOCUMENTATION_COMMENTS = YES;
				CLANG_WARN_EMPTY_BODY = YES;
				CLANG_WARN_ENUM_CONVERSION = YES;
				CLANG_WARN_INFINITE_RECURSION = YES;
				CLANG_WARN_INT_CONVERSION = YES;
				CLANG_WARN_NON_LITERAL_NULL_CONVERSION = YES;
				CLANG_WARN_OBJC_LITERAL_CONVERSION = YES;
				CLANG_WARN_OBJC_ROOT_CLASS = YES_ERROR;
				CLANG_WARN_RANGE_LOOP_ANALYSIS = YES;
				CLANG_WARN_STRICT_PROTOTYPES = YES;
				CLANG_WARN_SUSPICIOUS_MOVE = YES;
				CLANG_WARN_UNGUARDED_AVAILABILITY = YES_AGGRESSIVE;
				CLANG_WARN_UNREACHABLE_CODE = YES;
				CLANG_WARN__DUPLICATE_METHOD_MATCH = YES;
				CODE_SIGN_IDENTITY = "iPhone Developer";
				COPY_PHASE_STRIP = NO;
				DEBUG_INFORMATION_FORMAT = dwarf;
				ENABLE_STRICT_OBJC_MSGSEND = YES;
				ENABLE_TESTABILITY = YES;
				GCC_C_LANGUAGE_STANDARD = gnu11;
				GCC_DYNAMIC_NO_PIC = NO;
				GCC_NO_COMMON_BLOCKS = YES;
				GCC_OPTIMIZATION_LEVEL = 0;
				GCC_PREPROCESSOR_DEFINITIONS = (
					"DEBUG=1",
					"$(inherited)",
				);
				GCC_WARN_64_TO_32_BIT_CONVERSION = YES;
				GCC_WARN_ABOUT_RETURN_TYPE = YES_ERROR;
				GCC_WARN_UNDECLARED_SELECTOR = YES;
				GCC_WARN_UNINITIALIZED_AUTOS = YES_AGGRESSIVE;
				GCC_WARN_UNUSED_FUNCTION = YES;
				GCC_WARN_UNUSED_VARIABLE = YES;
				IPHONEOS_DEPLOYMENT_TARGET = 11.2;
				MTL_ENABLE_DEBUG_INFO = YES;
				ONLY_ACTIVE_ARCH = YES;
				SDKROOT = iphoneos;
				SWIFT_ACTIVE_COMPILATION_CONDITIONS = DEBUG;
				SWIFT_OPTIMIZATION_LEVEL = "-Onone";
			};
			name = Debug;
		};
		AE58F3F12051332F00AA0EDA /* Release */ = {
			isa = XCBuildConfiguration;
			buildSettings = {
				ALWAYS_SEARCH_USER_PATHS = NO;
				CLANG_ANALYZER_NONNULL = YES;
				CLANG_ANALYZER_NUMBER_OBJECT_CONVERSION = YES_AGGRESSIVE;
				CLANG_CXX_LANGUAGE_STANDARD = "gnu++14";
				CLANG_CXX_LIBRARY = "libc++";
				CLANG_ENABLE_MODULES = YES;
				CLANG_ENABLE_OBJC_ARC = YES;
				CLANG_WARN_BLOCK_CAPTURE_AUTORELEASING = YES;
				CLANG_WARN_BOOL_CONVERSION = YES;
				CLANG_WARN_COMMA = YES;
				CLANG_WARN_CONSTANT_CONVERSION = YES;
				CLANG_WARN_DIRECT_OBJC_ISA_USAGE = YES_ERROR;
				CLANG_WARN_DOCUMENTATION_COMMENTS = YES;
				CLANG_WARN_EMPTY_BODY = YES;
				CLANG_WARN_ENUM_CONVERSION = YES;
				CLANG_WARN_INFINITE_RECURSION = YES;
				CLANG_WARN_INT_CONVERSION = YES;
				CLANG_WARN_NON_LITERAL_NULL_CONVERSION = YES;
				CLANG_WARN_OBJC_LITERAL_CONVERSION = YES;
				CLANG_WARN_OBJC_ROOT_CLASS = YES_ERROR;
				CLANG_WARN_RANGE_LOOP_ANALYSIS = YES;
				CLANG_WARN_STRICT_PROTOTYPES = YES;
				CLANG_WARN_SUSPICIOUS_MOVE = YES;
				CLANG_WARN_UNGUARDED_AVAILABILITY = YES_AGGRESSIVE;
				CLANG_WARN_UNREACHABLE_CODE = YES;
				CLANG_WARN__DUPLICATE_METHOD_MATCH = YES;
				CODE_SIGN_IDENTITY = "iPhone Developer";
				COPY_PHASE_STRIP = NO;
				DEBUG_INFORMATION_FORMAT = "dwarf-with-dsym";
				ENABLE_NS_ASSERTIONS = NO;
				ENABLE_STRICT_OBJC_MSGSEND = YES;
				GCC_C_LANGUAGE_STANDARD = gnu11;
				GCC_NO_COMMON_BLOCKS = YES;
				GCC_WARN_64_TO_32_BIT_CONVERSION = YES;
				GCC_WARN_ABOUT_RETURN_TYPE = YES_ERROR;
				GCC_WARN_UNDECLARED_SELECTOR = YES;
				GCC_WARN_UNINITIALIZED_AUTOS = YES_AGGRESSIVE;
				GCC_WARN_UNUSED_FUNCTION = YES;
				GCC_WARN_UNUSED_VARIABLE = YES;
				IPHONEOS_DEPLOYMENT_TARGET = 11.2;
				MTL_ENABLE_DEBUG_INFO = NO;
				SDKROOT = iphoneos;
				SWIFT_OPTIMIZATION_LEVEL = "-Owholemodule";
				VALIDATE_PRODUCT = YES;
			};
			name = Release;
		};
		AE58F3F32051332F00AA0EDA /* Debug */ = {
			isa = XCBuildConfiguration;
			buildSettings = {
				ASSETCATALOG_COMPILER_APPICON_NAME = AppIcon;
				CODE_SIGN_STYLE = Automatic;
				INFOPLIST_FILE = FansArea/Info.plist;
				LD_RUNPATH_SEARCH_PATHS = "$(inherited) @executable_path/Frameworks";
				PRODUCT_BUNDLE_IDENTIFIER = com.minmin.FansArea;
				PRODUCT_NAME = "$(TARGET_NAME)";
				SWIFT_VERSION = 4.0;
				TARGETED_DEVICE_FAMILY = "1,2";
			};
			name = Debug;
		};
		AE58F3F42051332F00AA0EDA /* Release */ = {
			isa = XCBuildConfiguration;
			buildSettings = {
				ASSETCATALOG_COMPILER_APPICON_NAME = AppIcon;
				CODE_SIGN_STYLE = Automatic;
				INFOPLIST_FILE = FansArea/Info.plist;
				LD_RUNPATH_SEARCH_PATHS = "$(inherited) @executable_path/Frameworks";
				PRODUCT_BUNDLE_IDENTIFIER = com.minmin.FansArea;
				PRODUCT_NAME = "$(TARGET_NAME)";
				SWIFT_VERSION = 4.0;
				TARGETED_DEVICE_FAMILY = "1,2";
			};
			name = Release;
		};
/* End XCBuildConfiguration section */

/* Begin XCConfigurationList section */
		AE58F3DB2051332E00AA0EDA /* Build configuration list for PBXProject "FansArea" */ = {
			isa = XCConfigurationList;
			buildConfigurations = (
				AE58F3F02051332F00AA0EDA /* Debug */,
				AE58F3F12051332F00AA0EDA /* Release */,
			);
			defaultConfigurationIsVisible = 0;
			defaultConfigurationName = Release;
		};
		AE58F3F22051332F00AA0EDA /* Build configuration list for PBXNativeTarget "FansArea" */ = {
			isa = XCConfigurationList;
			buildConfigurations = (
				AE58F3F32051332F00AA0EDA /* Debug */,
				AE58F3F42051332F00AA0EDA /* Release */,
			);
			defaultConfigurationIsVisible = 0;
			defaultConfigurationName = Release;
		};
/* End XCConfigurationList section */

/* Begin XCVersionGroup section */
		AEABF17620563E7A00497A2A /* FansArea.xcdatamodeld */ = {
			isa = XCVersionGroup;
			children = (
				AEABF17720563E7A00497A2A /* FansArea.xcdatamodel */,
			);
			currentVersion = AEABF17720563E7A00497A2A /* FansArea.xcdatamodel */;
			path = FansArea.xcdatamodeld;
			sourceTree = "<group>";
			versionGroupType = wrapper.xcdatamodel;
		};
/* End XCVersionGroup section */
	};
	rootObject = AE58F3D82051332E00AA0EDA /* Project object */;
}
